{
	"name": "bento",
	"lockfileVersion": 3,
	"requires": true,
	"packages": {
		"": {
			"name": "bento",
			"dependencies": {
				"@automerge/automerge-repo": "^1.2.1",
				"@secret-types/serviceworker": "npm:@types/serviceworker@^0.0.96",
				"@types/audioworklet": "^0.0.50"
			},
			"devDependencies": {
				"prettier": "^3.0.3"
			},
			"peerDependencies": {
				"typescript": "^5.0.0"
			}
		},
		"node_modules/@automerge/automerge": {
			"version": "2.2.8",
			"resolved": "https://registry.npmjs.org/@automerge/automerge/-/automerge-2.2.8.tgz",
			"integrity": "sha512-kP6Z9lIkNeIGe/jhF8SUQAgUMwVjtXCBL0eZEgQGCoWvPNTPcg8fnQco28XkYBrfkkuqiEUAbdHhJmSp0y79ug==",
			"license": "MIT",
			"dependencies": {
				"uuid": "^9.0.0"
			}
		},
		"node_modules/@automerge/automerge-repo": {
			"version": "1.2.1",
			"resolved": "https://registry.npmjs.org/@automerge/automerge-repo/-/automerge-repo-1.2.1.tgz",
			"integrity": "sha512-uEBr4bM01aSWkEt2tDKQxfW0Pahz2zbTTn4sRJfeKJlAg2SLr4QepFJ+3Tp4CNEkkU485olfnKYf6gt7uilMZQ==",
			"license": "MIT",
			"dependencies": {
				"@automerge/automerge": "^2.2.5",
				"bs58check": "^3.0.1",
				"cbor-x": "^1.3.0",
				"debug": "^4.3.4",
				"eventemitter3": "^5.0.1",
				"fast-sha256": "^1.3.0",
				"tiny-typed-emitter": "^2.1.0",
				"ts-node": "^10.9.1",
				"uuid": "^9.0.0",
				"xstate": "^5.9.1"
			}
		},
		"node_modules/@cbor-extract/cbor-extract-darwin-arm64": {
			"version": "2.2.0",
			"resolved": "https://registry.npmjs.org/@cbor-extract/cbor-extract-darwin-arm64/-/cbor-extract-darwin-arm64-2.2.0.tgz",
			"integrity": "sha512-P7swiOAdF7aSi0H+tHtHtr6zrpF3aAq/W9FXx5HektRvLTM2O89xCyXF3pk7pLc7QpaY7AoaE8UowVf9QBdh3w==",
			"cpu": [
				"arm64"
			],
			"license": "MIT",
			"optional": true,
			"os": [
				"darwin"
			]
		},
		"node_modules/@cbor-extract/cbor-extract-darwin-x64": {
			"version": "2.2.0",
			"resolved": "https://registry.npmjs.org/@cbor-extract/cbor-extract-darwin-x64/-/cbor-extract-darwin-x64-2.2.0.tgz",
			"integrity": "sha512-1liF6fgowph0JxBbYnAS7ZlqNYLf000Qnj4KjqPNW4GViKrEql2MgZnAsExhY9LSy8dnvA4C0qHEBgPrll0z0w==",
			"cpu": [
				"x64"
			],
			"license": "MIT",
			"optional": true,
			"os": [
				"darwin"
			]
		},
		"node_modules/@cbor-extract/cbor-extract-linux-arm": {
			"version": "2.2.0",
			"resolved": "https://registry.npmjs.org/@cbor-extract/cbor-extract-linux-arm/-/cbor-extract-linux-arm-2.2.0.tgz",
			"integrity": "sha512-QeBcBXk964zOytiedMPQNZr7sg0TNavZeuUCD6ON4vEOU/25+pLhNN6EDIKJ9VLTKaZ7K7EaAriyYQ1NQ05s/Q==",
			"cpu": [
				"arm"
			],
			"license": "MIT",
			"optional": true,
			"os": [
				"linux"
			]
		},
		"node_modules/@cbor-extract/cbor-extract-linux-arm64": {
			"version": "2.2.0",
			"resolved": "https://registry.npmjs.org/@cbor-extract/cbor-extract-linux-arm64/-/cbor-extract-linux-arm64-2.2.0.tgz",
			"integrity": "sha512-rQvhNmDuhjTVXSPFLolmQ47/ydGOFXtbR7+wgkSY0bdOxCFept1hvg59uiLPT2fVDuJFuEy16EImo5tE2x3RsQ==",
			"cpu": [
				"arm64"
			],
			"license": "MIT",
			"optional": true,
			"os": [
				"linux"
			]
		},
		"node_modules/@cbor-extract/cbor-extract-linux-x64": {
			"version": "2.2.0",
			"resolved": "https://registry.npmjs.org/@cbor-extract/cbor-extract-linux-x64/-/cbor-extract-linux-x64-2.2.0.tgz",
			"integrity": "sha512-cWLAWtT3kNLHSvP4RKDzSTX9o0wvQEEAj4SKvhWuOVZxiDAeQazr9A+PSiRILK1VYMLeDml89ohxCnUNQNQNCw==",
			"cpu": [
				"x64"
			],
			"license": "MIT",
			"optional": true,
			"os": [
				"linux"
			]
		},
		"node_modules/@cbor-extract/cbor-extract-win32-x64": {
			"version": "2.2.0",
			"resolved": "https://registry.npmjs.org/@cbor-extract/cbor-extract-win32-x64/-/cbor-extract-win32-x64-2.2.0.tgz",
			"integrity": "sha512-l2M+Z8DO2vbvADOBNLbbh9y5ST1RY5sqkWOg/58GkUPBYou/cuNZ68SGQ644f1CvZ8kcOxyZtw06+dxWHIoN/w==",
			"cpu": [
				"x64"
			],
			"license": "MIT",
			"optional": true,
			"os": [
				"win32"
			]
		},
		"node_modules/@cspotcode/source-map-support": {
			"version": "0.8.1",
			"resolved": "https://registry.npmjs.org/@cspotcode/source-map-support/-/source-map-support-0.8.1.tgz",
			"integrity": "sha512-IchNf6dN4tHoMFIn/7OE8LWZ19Y6q/67Bmf6vnGREv8RSbBVb9LPJxEcnwrcwX6ixSvaiGoomAUvu4YSxXrVgw==",
			"license": "MIT",
			"dependencies": {
				"@jridgewell/trace-mapping": "0.3.9"
			},
			"engines": {
				"node": ">=12"
			}
		},
		"node_modules/@jridgewell/resolve-uri": {
			"version": "3.1.2",
			"resolved": "https://registry.npmjs.org/@jridgewell/resolve-uri/-/resolve-uri-3.1.2.tgz",
			"integrity": "sha512-bRISgCIjP20/tbWSPWMEi54QVPRZExkuD9lJL+UIxUKtwVJA8wW1Trb1jMs1RFXo1CBTNZ/5hpC9QvmKWdopKw==",
			"license": "MIT",
			"engines": {
				"node": ">=6.0.0"
			}
		},
		"node_modules/@jridgewell/sourcemap-codec": {
			"version": "1.5.0",
			"resolved": "https://registry.npmjs.org/@jridgewell/sourcemap-codec/-/sourcemap-codec-1.5.0.tgz",
			"integrity": "sha512-gv3ZRaISU3fjPAgNsriBRqGWQL6quFx04YMPW/zD8XMLsU32mhCCbfbO6KZFLjvYpCZ8zyDEgqsgf+PwPaM7GQ==",
			"license": "MIT"
		},
		"node_modules/@jridgewell/trace-mapping": {
			"version": "0.3.9",
			"resolved": "https://registry.npmjs.org/@jridgewell/trace-mapping/-/trace-mapping-0.3.9.tgz",
			"integrity": "sha512-3Belt6tdc8bPgAtbcmdtNJlirVoTmEb5e2gC94PnkwEW9jI6CAHUeoG85tjWP5WquqfavoMtMwiG4P926ZKKuQ==",
			"license": "MIT",
			"dependencies": {
				"@jridgewell/resolve-uri": "^3.0.3",
				"@jridgewell/sourcemap-codec": "^1.4.10"
			}
		},
		"node_modules/@noble/hashes": {
			"version": "1.5.0",
			"resolved": "https://registry.npmjs.org/@noble/hashes/-/hashes-1.5.0.tgz",
			"integrity": "sha512-1j6kQFb7QRru7eKN3ZDvRcP13rugwdxZqCjbiAVZfIJwgj2A65UmT4TgARXGlXgnRkORLTDTrO19ZErt7+QXgA==",
			"license": "MIT",
			"engines": {
				"node": "^14.21.3 || >=16"
			},
			"funding": {
				"url": "https://paulmillr.com/funding/"
			}
		},
		"node_modules/@secret-types/serviceworker": {
			"name": "@types/serviceworker",
			"version": "0.0.96",
			"resolved": "https://registry.npmjs.org/@types/serviceworker/-/serviceworker-0.0.96.tgz",
			"integrity": "sha512-AthVWRCY0KS863vJzBo5TDQh43BMii6DYKO9qMXbCPTmL1IBgMBVhrBHKXD9g/RkI1h2YVZT1TVDRKrVuAFc9g==",
			"license": "Apache-2.0"
		},
		"node_modules/@tsconfig/node10": {
			"version": "1.0.11",
			"resolved": "https://registry.npmjs.org/@tsconfig/node10/-/node10-1.0.11.tgz",
			"integrity": "sha512-DcRjDCujK/kCk/cUe8Xz8ZSpm8mS3mNNpta+jGCA6USEDfktlNvm1+IuZ9eTcDbNk41BHwpHHeW+N1lKCz4zOw==",
			"license": "MIT"
		},
		"node_modules/@tsconfig/node12": {
			"version": "1.0.11",
			"resolved": "https://registry.npmjs.org/@tsconfig/node12/-/node12-1.0.11.tgz",
			"integrity": "sha512-cqefuRsh12pWyGsIoBKJA9luFu3mRxCA+ORZvA4ktLSzIuCUtWVxGIuXigEwO5/ywWFMZ2QEGKWvkZG1zDMTag==",
			"license": "MIT"
		},
		"node_modules/@tsconfig/node14": {
			"version": "1.0.3",
			"resolved": "https://registry.npmjs.org/@tsconfig/node14/-/node14-1.0.3.tgz",
			"integrity": "sha512-ysT8mhdixWK6Hw3i1V2AeRqZ5WfXg1G43mqoYlM2nc6388Fq5jcXyr5mRsqViLx/GJYdoL0bfXD8nmF+Zn/Iow==",
			"license": "MIT"
		},
		"node_modules/@tsconfig/node16": {
			"version": "1.0.4",
			"resolved": "https://registry.npmjs.org/@tsconfig/node16/-/node16-1.0.4.tgz",
			"integrity": "sha512-vxhUy4J8lyeyinH7Azl1pdd43GJhZH/tP2weN8TntQblOY+A0XbT8DJk1/oCPuOOyg/Ja757rG0CgHcWC8OfMA==",
			"license": "MIT"
		},
		"node_modules/@types/audioworklet": {
			"version": "0.0.50",
			"resolved": "https://registry.npmjs.org/@types/audioworklet/-/audioworklet-0.0.50.tgz",
			"integrity": "sha512-Wic6k+tczhJZz4yq2ianEowIF/xH10wI9ac8sBDh27Jvs+WIvXIeM+nWPPRITFwSKuLZKlvVjfLiNmUjfy4koA=="
		},
		"node_modules/@types/node": {
			"version": "22.7.4",
			"resolved": "https://registry.npmjs.org/@types/node/-/node-22.7.4.tgz",
			"integrity": "sha512-y+NPi1rFzDs1NdQHHToqeiX2TIS79SWEAw9GYhkkx8bD0ChpfqC+n2j5OXOCpzfojBEBt6DnEnnG9MY0zk1XLg==",
			"license": "MIT",
			"peer": true,
			"dependencies": {
				"undici-types": "~6.19.2"
			}
		},
		"node_modules/acorn": {
			"version": "8.12.1",
			"resolved": "https://registry.npmjs.org/acorn/-/acorn-8.12.1.tgz",
			"integrity": "sha512-tcpGyI9zbizT9JbV6oYE477V6mTlXvvi0T0G3SNIYE2apm/G5huBa1+K89VGeovbg+jycCrfhl3ADxErOuO6Jg==",
			"license": "MIT",
			"bin": {
				"acorn": "bin/acorn"
			},
			"engines": {
				"node": ">=0.4.0"
			}
		},
		"node_modules/acorn-walk": {
			"version": "8.3.4",
			"resolved": "https://registry.npmjs.org/acorn-walk/-/acorn-walk-8.3.4.tgz",
			"integrity": "sha512-ueEepnujpqee2o5aIYnvHU6C0A42MNdsIDeqy5BydrkuC5R1ZuUFnm27EeFJGoEHJQgn3uleRvmTXaJgfXbt4g==",
			"license": "MIT",
			"dependencies": {
				"acorn": "^8.11.0"
			},
			"engines": {
				"node": ">=0.4.0"
			}
		},
		"node_modules/arg": {
			"version": "4.1.3",
			"resolved": "https://registry.npmjs.org/arg/-/arg-4.1.3.tgz",
			"integrity": "sha512-58S9QDqG0Xx27YwPSt9fJxivjYl432YCwfDMfZ+71RAqUrZef7LrKQZ3LHLOwCS4FLNBplP533Zx895SeOCHvA==",
			"license": "MIT"
		},
		"node_modules/base-x": {
			"version": "4.0.0",
			"resolved": "https://registry.npmjs.org/base-x/-/base-x-4.0.0.tgz",
			"integrity": "sha512-FuwxlW4H5kh37X/oW59pwTzzTKRzfrrQwhmyspRM7swOEZcHtDZSCt45U6oKgtuFE+WYPblePMVIPR4RZrh/hw==",
			"license": "MIT"
		},
		"node_modules/bs58": {
			"version": "5.0.0",
			"resolved": "https://registry.npmjs.org/bs58/-/bs58-5.0.0.tgz",
			"integrity": "sha512-r+ihvQJvahgYT50JD05dyJNKlmmSlMoOGwn1lCcEzanPglg7TxYjioQUYehQ9mAR/+hOSd2jRc/Z2y5UxBymvQ==",
			"license": "MIT",
			"dependencies": {
				"base-x": "^4.0.0"
			}
		},
		"node_modules/bs58check": {
			"version": "3.0.1",
			"resolved": "https://registry.npmjs.org/bs58check/-/bs58check-3.0.1.tgz",
			"integrity": "sha512-hjuuJvoWEybo7Hn/0xOrczQKKEKD63WguEjlhLExYs2wUBcebDC1jDNK17eEAD2lYfw82d5ASC1d7K3SWszjaQ==",
			"license": "MIT",
			"dependencies": {
				"@noble/hashes": "^1.2.0",
				"bs58": "^5.0.0"
			}
		},
		"node_modules/cbor-extract": {
			"version": "2.2.0",
			"resolved": "https://registry.npmjs.org/cbor-extract/-/cbor-extract-2.2.0.tgz",
			"integrity": "sha512-Ig1zM66BjLfTXpNgKpvBePq271BPOvu8MR0Jl080yG7Jsl+wAZunfrwiwA+9ruzm/WEdIV5QF/bjDZTqyAIVHA==",
			"hasInstallScript": true,
			"license": "MIT",
			"optional": true,
			"dependencies": {
				"node-gyp-build-optional-packages": "5.1.1"
			},
			"bin": {
				"download-cbor-prebuilds": "bin/download-prebuilds.js"
			},
			"optionalDependencies": {
				"@cbor-extract/cbor-extract-darwin-arm64": "2.2.0",
				"@cbor-extract/cbor-extract-darwin-x64": "2.2.0",
				"@cbor-extract/cbor-extract-linux-arm": "2.2.0",
				"@cbor-extract/cbor-extract-linux-arm64": "2.2.0",
				"@cbor-extract/cbor-extract-linux-x64": "2.2.0",
				"@cbor-extract/cbor-extract-win32-x64": "2.2.0"
			}
		},
		"node_modules/cbor-x": {
			"version": "1.6.0",
			"resolved": "https://registry.npmjs.org/cbor-x/-/cbor-x-1.6.0.tgz",
			"integrity": "sha512-0kareyRwHSkL6ws5VXHEf8uY1liitysCVJjlmhaLG+IXLqhSaOO+t63coaso7yjwEzWZzLy8fJo06gZDVQM9Qg==",
			"license": "MIT",
			"optionalDependencies": {
				"cbor-extract": "^2.2.0"
			}
		},
		"node_modules/create-require": {
			"version": "1.1.1",
			"resolved": "https://registry.npmjs.org/create-require/-/create-require-1.1.1.tgz",
			"integrity": "sha512-dcKFX3jn0MpIaXjisoRvexIJVEKzaq7z2rZKxf+MSr9TkdmHmsU4m2lcLojrj/FHl8mk5VxMmYA+ftRkP/3oKQ==",
			"license": "MIT"
		},
		"node_modules/debug": {
			"version": "4.3.7",
			"resolved": "https://registry.npmjs.org/debug/-/debug-4.3.7.tgz",
			"integrity": "sha512-Er2nc/H7RrMXZBFCEim6TCmMk02Z8vLC2Rbi1KEBggpo0fS6l0S1nnapwmIi3yW/+GOJap1Krg4w0Hg80oCqgQ==",
			"license": "MIT",
			"dependencies": {
				"ms": "^2.1.3"
			},
			"engines": {
				"node": ">=6.0"
			},
			"peerDependenciesMeta": {
				"supports-color": {
					"optional": true
				}
			}
		},
		"node_modules/detect-libc": {
			"version": "2.0.3",
			"resolved": "https://registry.npmjs.org/detect-libc/-/detect-libc-2.0.3.tgz",
			"integrity": "sha512-bwy0MGW55bG41VqxxypOsdSdGqLwXPI/focwgTYCFMbdUiBAxLg9CFzG08sz2aqzknwiX7Hkl0bQENjg8iLByw==",
			"license": "Apache-2.0",
			"optional": true,
			"engines": {
				"node": ">=8"
			}
		},
		"node_modules/diff": {
			"version": "4.0.2",
			"resolved": "https://registry.npmjs.org/diff/-/diff-4.0.2.tgz",
			"integrity": "sha512-58lmxKSA4BNyLz+HHMUzlOEpg09FV+ev6ZMe3vJihgdxzgcwZ8VoEEPmALCZG9LmqfVoNMMKpttIYTVG6uDY7A==",
			"license": "BSD-3-Clause",
			"engines": {
				"node": ">=0.3.1"
			}
		},
		"node_modules/eventemitter3": {
			"version": "5.0.1",
			"resolved": "https://registry.npmjs.org/eventemitter3/-/eventemitter3-5.0.1.tgz",
			"integrity": "sha512-GWkBvjiSZK87ELrYOSESUYeVIc9mvLLf/nXalMOS5dYrgZq9o5OVkbZAVM06CVxYsCwH9BDZFPlQTlPA1j4ahA==",
			"license": "MIT"
		},
		"node_modules/fast-sha256": {
			"version": "1.3.0",
			"resolved": "https://registry.npmjs.org/fast-sha256/-/fast-sha256-1.3.0.tgz",
			"integrity": "sha512-n11RGP/lrWEFI/bWdygLxhI+pVeo1ZYIVwvvPkW7azl/rOy+F3HYRZ2K5zeE9mmkhQppyv9sQFx0JM9UabnpPQ==",
			"license": "Unlicense"
		},
		"node_modules/make-error": {
			"version": "1.3.6",
			"resolved": "https://registry.npmjs.org/make-error/-/make-error-1.3.6.tgz",
			"integrity": "sha512-s8UhlNe7vPKomQhC1qFelMokr/Sc3AgNbso3n74mVPA5LTZwkB9NlXf4XPamLxJE8h0gh73rM94xvwRT2CVInw==",
			"license": "ISC"
		},
		"node_modules/ms": {
			"version": "2.1.3",
			"resolved": "https://registry.npmjs.org/ms/-/ms-2.1.3.tgz",
			"integrity": "sha512-6FlzubTLZG3J2a/NVCAleEhjzq5oxgHyaCU9yYXvcLsvoVaHJq/s5xXI6/XXP6tz7R9xAOtHnSO/tXtF3WRTlA==",
			"license": "MIT"
		},
		"node_modules/node-gyp-build-optional-packages": {
			"version": "5.1.1",
			"resolved": "https://registry.npmjs.org/node-gyp-build-optional-packages/-/node-gyp-build-optional-packages-5.1.1.tgz",
			"integrity": "sha512-+P72GAjVAbTxjjwUmwjVrqrdZROD4nf8KgpBoDxqXXTiYZZt/ud60dE5yvCSr9lRO8e8yv6kgJIC0K0PfZFVQw==",
			"license": "MIT",
			"optional": true,
			"dependencies": {
				"detect-libc": "^2.0.1"
			},
			"bin": {
				"node-gyp-build-optional-packages": "bin.js",
				"node-gyp-build-optional-packages-optional": "optional.js",
				"node-gyp-build-optional-packages-test": "build-test.js"
			}
		},
		"node_modules/prettier": {
			"version": "3.0.3",
			"resolved": "https://registry.npmjs.org/prettier/-/prettier-3.0.3.tgz",
			"integrity": "sha512-L/4pUDMxcNa8R/EthV08Zt42WBO4h1rarVtK0K+QJG0X187OLo7l699jWw0GKuwzkPQ//jMFA/8Xm6Fh3J/DAg==",
			"dev": true,
			"bin": {
				"prettier": "bin/prettier.cjs"
			},
			"engines": {
				"node": ">=14"
			},
			"funding": {
				"url": "https://github.com/prettier/prettier?sponsor=1"
			}
		},
		"node_modules/tiny-typed-emitter": {
			"version": "2.1.0",
			"resolved": "https://registry.npmjs.org/tiny-typed-emitter/-/tiny-typed-emitter-2.1.0.tgz",
			"integrity": "sha512-qVtvMxeXbVej0cQWKqVSSAHmKZEHAvxdF8HEUBFWts8h+xEo5m/lEiPakuyZ3BnCBjOD8i24kzNOiOLLgsSxhA==",
			"license": "MIT"
		},
		"node_modules/ts-node": {
			"version": "10.9.2",
			"resolved": "https://registry.npmjs.org/ts-node/-/ts-node-10.9.2.tgz",
			"integrity": "sha512-f0FFpIdcHgn8zcPSbf1dRevwt047YMnaiJM3u2w2RewrB+fob/zePZcrOyQoLMMO7aBIddLcQIEK5dYjkLnGrQ==",
			"license": "MIT",
			"dependencies": {
				"@cspotcode/source-map-support": "^0.8.0",
				"@tsconfig/node10": "^1.0.7",
				"@tsconfig/node12": "^1.0.7",
				"@tsconfig/node14": "^1.0.0",
				"@tsconfig/node16": "^1.0.2",
				"acorn": "^8.4.1",
				"acorn-walk": "^8.1.1",
				"arg": "^4.1.0",
				"create-require": "^1.1.0",
				"diff": "^4.0.1",
				"make-error": "^1.1.1",
				"v8-compile-cache-lib": "^3.0.1",
				"yn": "3.1.1"
			},
			"bin": {
				"ts-node": "dist/bin.js",
				"ts-node-cwd": "dist/bin-cwd.js",
				"ts-node-esm": "dist/bin-esm.js",
				"ts-node-script": "dist/bin-script.js",
				"ts-node-transpile-only": "dist/bin-transpile.js",
				"ts-script": "dist/bin-script-deprecated.js"
			},
			"peerDependencies": {
				"@swc/core": ">=1.2.50",
				"@swc/wasm": ">=1.2.50",
				"@types/node": "*",
				"typescript": ">=2.7"
			},
			"peerDependenciesMeta": {
				"@swc/core": {
					"optional": true
				},
				"@swc/wasm": {
					"optional": true
				}
			}
		},
		"node_modules/typescript": {
			"version": "5.2.2",
			"resolved": "https://registry.npmjs.org/typescript/-/typescript-5.2.2.tgz",
			"integrity": "sha512-mI4WrpHsbCIcwT9cF4FZvr80QUeKvsUsUvKDoR+X/7XHQH98xYD8YHZg7ANtz2GtZt/CBq2QJ0thkGJMHfqc1w==",
			"peer": true,
			"bin": {
				"tsc": "bin/tsc",
				"tsserver": "bin/tsserver"
			},
			"engines": {
				"node": ">=14.17"
			}
		},
		"node_modules/undici-types": {
			"version": "6.19.8",
			"resolved": "https://registry.npmjs.org/undici-types/-/undici-types-6.19.8.tgz",
			"integrity": "sha512-ve2KP6f/JnbPBFyobGHuerC9g1FYGn/F8n1LWTwNxCEzd6IfqTwUQcNXgEtmmQ6DlRrC1hrSrBnCZPokRrDHjw==",
			"license": "MIT",
			"peer": true
		},
		"node_modules/uuid": {
			"version": "9.0.1",
			"resolved": "https://registry.npmjs.org/uuid/-/uuid-9.0.1.tgz",
			"integrity": "sha512-b+1eJOlsR9K8HJpow9Ok3fiWOWSIcIzXodvv0rQjVoOVNpWMpxf1wZNpt4y9h10odCNrqnYp1OBzRktckBe3sA==",
			"funding": [
				"https://github.com/sponsors/broofa",
				"https://github.com/sponsors/ctavan"
			],
			"license": "MIT",
			"bin": {
				"uuid": "dist/bin/uuid"
			}
		},
		"node_modules/v8-compile-cache-lib": {
			"version": "3.0.1",
			"resolved": "https://registry.npmjs.org/v8-compile-cache-lib/-/v8-compile-cache-lib-3.0.1.tgz",
			"integrity": "sha512-wa7YjyUGfNZngI/vtK0UHAN+lgDCxBPCylVXGp0zu59Fz5aiGtNXaq3DhIov063MorB+VfufLh3JlF2KdTK3xg==",
			"license": "MIT"
		},
		"node_modules/xstate": {
			"version": "5.18.2",
			"resolved": "https://registry.npmjs.org/xstate/-/xstate-5.18.2.tgz",
			"integrity": "sha512-hab5VOe29D0agy8/7dH1lGw+7kilRQyXwpaChoMu4fe6rDP+nsHYhDYKfS2O4iXE7myA98TW6qMEudj/8NXEkA==",
			"license": "MIT",
			"funding": {
				"type": "opencollective",
				"url": "https://opencollective.com/xstate"
			}
		},
		"node_modules/yn": {
			"version": "3.1.1",
			"resolved": "https://registry.npmjs.org/yn/-/yn-3.1.1.tgz",
			"integrity": "sha512-Ux4ygGWsu2c7isFWe8Yu1YluJmqVhxqK2cLXNQA5AcC3QfbGNpM7fu0Y8b/z16pXLnFxZYvWhd3fhBY9DLmC6Q==",
			"license": "MIT",
			"engines": {
				"node": ">=6"
			}
		}
	}
}
