{
	"name": "www.operator",
	"lockfileVersion": 3,
	"requires": true,
	"packages": {
		"": {
			"name": "www.operator",
			"dependencies": {
				"@bitarray/typedarray": "^1.1.1"
			},
			"devDependencies": {
				"bun-types": "latest",
				"prettier": "^3.0.3"
			},
			"peerDependencies": {
				"typescript": "^5.0.0"
			}
		},
		"node_modules/@bitarray/typedarray": {
			"version": "1.1.1",
			"resolved": "https://registry.npmjs.org/@bitarray/typedarray/-/typedarray-1.1.1.tgz",
			"integrity": "sha512-w7wqtXDYgidHKeOnexeS4IpcqGY9lM60vFtibarC4XXlYN0olUbCPDItCxr7TTtytt+19+EZVmklajBS9/hLog=="
		},
		"node_modules/bun-types": {
			"version": "1.0.5-canary.20231009T140142",
			"resolved": "https://registry.npmjs.org/bun-types/-/bun-types-1.0.5-canary.20231009T140142.tgz",
			"integrity": "sha512-5hT8WBXZ2ozdJt6s0nnnh4iQXn6xp9a7spbRYjapNxKjR3ckS5U2V347H3+XpaMVzc/a7D2I2KnKqIPO1R82kg==",
			"dev": true
		},
		"node_modules/prettier": {
			"version": "3.0.3",
			"dev": true,
			"license": "MIT",
			"bin": {
				"prettier": "bin/prettier.cjs"
			},
			"engines": {
				"node": ">=14"
			},
			"funding": {
				"url": "https://github.com/prettier/prettier?sponsor=1"
			}
		},
		"node_modules/typescript": {
			"version": "5.2.2",
			"resolved": "https://registry.npmjs.org/typescript/-/typescript-5.2.2.tgz",
			"integrity": "sha512-mI4WrpHsbCIcwT9cF4FZvr80QUeKvsUsUvKDoR+X/7XHQH98xYD8YHZg7ANtz2GtZt/CBq2QJ0thkGJMHfqc1w==",
			"peer": true,
			"bin": {
				"tsc": "bin/tsc",
				"tsserver": "bin/tsserver"
			},
			"engines": {
				"node": ">=14.17"
			}
		}
	}
}
